// !$*UTF8*$!
{
	archiveVersion = 1;
	classes = {
	};
	objectVersion = 46;
	objects = {

/* Begin PBXBuildFile section */
		1B443AC6204AF9B300966298 /* AppDelegate.swift in Sources */ = {isa = PBXBuildFile; fileRef = 1B443AC5204AF9B300966298 /* AppDelegate.swift */; };
		1B443ACB204AF9B300966298 /* Main.storyboard in Resources */ = {isa = PBXBuildFile; fileRef = 1B443AC9204AF9B300966298 /* Main.storyboard */; };
		1B443ACD204AF9B300966298 /* Assets.xcassets in Resources */ = {isa = PBXBuildFile; fileRef = 1B443ACC204AF9B300966298 /* Assets.xcassets */; };
		1B443AD0204AF9B300966298 /* LaunchScreen.storyboard in Resources */ = {isa = PBXBuildFile; fileRef = 1B443ACE204AF9B300966298 /* LaunchScreen.storyboard */; };
		1B443ADB204AF9B300966298 /* ParseChatTests.swift in Sources */ = {isa = PBXBuildFile; fileRef = 1B443ADA204AF9B300966298 /* ParseChatTests.swift */; };
		1B443AE6204AF9B300966298 /* ParseChatUITests.swift in Sources */ = {isa = PBXBuildFile; fileRef = 1B443AE5204AF9B300966298 /* ParseChatUITests.swift */; };
		1B443AF4204B103700966298 /* LoginViewController.swift in Sources */ = {isa = PBXBuildFile; fileRef = 1B443AF3204B103700966298 /* LoginViewController.swift */; };
		1B443AF6204B264B00966298 /* ChatViewController.swift in Sources */ = {isa = PBXBuildFile; fileRef = 1B443AF5204B264B00966298 /* ChatViewController.swift */; };
		1B443AF8204B305200966298 /* ChatTableViewCell.swift in Sources */ = {isa = PBXBuildFile; fileRef = 1B443AF7204B305200966298 /* ChatTableViewCell.swift */; };
		1B443AFA204B363A00966298 /* ChatMessage.swift in Sources */ = {isa = PBXBuildFile; fileRef = 1B443AF9204B363A00966298 /* ChatMessage.swift */; };
		36DE4B2F6D9696FC50326B68 /* Pods_ParseChat.framework in Frameworks */ = {isa = PBXBuildFile; fileRef = 846F7DC1CE61E11A016F904F /* Pods_ParseChat.framework */; };
		6677B93331415EACC61F72EF /* Pods_ParseChatUITests.framework in Frameworks */ = {isa = PBXBuildFile; fileRef = 57E90130A85AD680434225C9 /* Pods_ParseChatUITests.framework */; };
		D1349E3D089CE5D10938E889 /* Pods_ParseChatTests.framework in Frameworks */ = {isa = PBXBuildFile; fileRef = A8CF560F05D225057BBC93DE /* Pods_ParseChatTests.framework */; };
/* End PBXBuildFile section */

/* Begin PBXContainerItemProxy section */
		1B443AD7204AF9B300966298 /* PBXContainerItemProxy */ = {
			isa = PBXContainerItemProxy;
			containerPortal = 1B443ABA204AF9B300966298 /* Project object */;
			proxyType = 1;
			remoteGlobalIDString = 1B443AC1204AF9B300966298;
			remoteInfo = ParseChat;
		};
		1B443AE2204AF9B300966298 /* PBXContainerItemProxy */ = {
			isa = PBXContainerItemProxy;
			containerPortal = 1B443ABA204AF9B300966298 /* Project object */;
			proxyType = 1;
			remoteGlobalIDString = 1B443AC1204AF9B300966298;
			remoteInfo = ParseChat;
		};
/* End PBXContainerItemProxy section */

/* Begin PBXFileReference section */
		1B443AC2204AF9B300966298 /* ParseChat.app */ = {isa = PBXFileReference; explicitFileType = wrapper.application; includeInIndex = 0; path = ParseChat.app; sourceTree = BUILT_PRODUCTS_DIR; };
		1B443AC5204AF9B300966298 /* AppDelegate.swift */ = {isa = PBXFileReference; lastKnownFileType = sourcecode.swift; path = AppDelegate.swift; sourceTree = "<group>"; };
		1B443ACA204AF9B300966298 /* Base */ = {isa = PBXFileReference; lastKnownFileType = file.storyboard; name = Base; path = Base.lproj/Main.storyboard; sourceTree = "<group>"; };
		1B443ACC204AF9B300966298 /* Assets.xcassets */ = {isa = PBXFileReference; lastKnownFileType = folder.assetcatalog; path = Assets.xcassets; sourceTree = "<group>"; };
		1B443ACF204AF9B300966298 /* Base */ = {isa = PBXFileReference; lastKnownFileType = file.storyboard; name = Base; path = Base.lproj/LaunchScreen.storyboard; sourceTree = "<group>"; };
		1B443AD1204AF9B300966298 /* Info.plist */ = {isa = PBXFileReference; lastKnownFileType = text.plist.xml; path = Info.plist; sourceTree = "<group>"; };
		1B443AD6204AF9B300966298 /* ParseChatTests.xctest */ = {isa = PBXFileReference; explicitFileType = wrapper.cfbundle; includeInIndex = 0; path = ParseChatTests.xctest; sourceTree = BUILT_PRODUCTS_DIR; };
		1B443ADA204AF9B300966298 /* ParseChatTests.swift */ = {isa = PBXFileReference; lastKnownFileType = sourcecode.swift; path = ParseChatTests.swift; sourceTree = "<group>"; };
		1B443ADC204AF9B300966298 /* Info.plist */ = {isa = PBXFileReference; lastKnownFileType = text.plist.xml; path = Info.plist; sourceTree = "<group>"; };
		1B443AE1204AF9B300966298 /* ParseChatUITests.xctest */ = {isa = PBXFileReference; explicitFileType = wrapper.cfbundle; includeInIndex = 0; path = ParseChatUITests.xctest; sourceTree = BUILT_PRODUCTS_DIR; };
		1B443AE5204AF9B300966298 /* ParseChatUITests.swift */ = {isa = PBXFileReference; lastKnownFileType = sourcecode.swift; path = ParseChatUITests.swift; sourceTree = "<group>"; };
		1B443AE7204AF9B300966298 /* Info.plist */ = {isa = PBXFileReference; lastKnownFileType = text.plist.xml; path = Info.plist; sourceTree = "<group>"; };
		1B443AF3204B103700966298 /* LoginViewController.swift */ = {isa = PBXFileReference; fileEncoding = 4; lastKnownFileType = sourcecode.swift; path = LoginViewController.swift; sourceTree = "<group>"; };
		1B443AF5204B264B00966298 /* ChatViewController.swift */ = {isa = PBXFileReference; fileEncoding = 4; lastKnownFileType = sourcecode.swift; path = ChatViewController.swift; sourceTree = "<group>"; };
		1B443AF7204B305200966298 /* ChatTableViewCell.swift */ = {isa = PBXFileReference; fileEncoding = 4; lastKnownFileType = sourcecode.swift; path = ChatTableViewCell.swift; sourceTree = "<group>"; };
		1B443AF9204B363A00966298 /* ChatMessage.swift */ = {isa = PBXFileReference; fileEncoding = 4; lastKnownFileType = sourcecode.swift; path = ChatMessage.swift; sourceTree = "<group>"; };
		439BB5E05FD4632E322470E6 /* Pods-ParseChatTests.debug.xcconfig */ = {isa = PBXFileReference; includeInIndex = 1; lastKnownFileType = text.xcconfig; name = "Pods-ParseChatTests.debug.xcconfig"; path = "Pods/Target Support Files/Pods-ParseChatTests/Pods-ParseChatTests.debug.xcconfig"; sourceTree = "<group>"; };
		57E90130A85AD680434225C9 /* Pods_ParseChatUITests.framework */ = {isa = PBXFileReference; explicitFileType = wrapper.framework; includeInIndex = 0; path = Pods_ParseChatUITests.framework; sourceTree = BUILT_PRODUCTS_DIR; };
		767D4787E05C7AC8998AB966 /* Pods-ParseChatUITests.debug.xcconfig */ = {isa = PBXFileReference; includeInIndex = 1; lastKnownFileType = text.xcconfig; name = "Pods-ParseChatUITests.debug.xcconfig"; path = "Pods/Target Support Files/Pods-ParseChatUITests/Pods-ParseChatUITests.debug.xcconfig"; sourceTree = "<group>"; };
		846F7DC1CE61E11A016F904F /* Pods_ParseChat.framework */ = {isa = PBXFileReference; explicitFileType = wrapper.framework; includeInIndex = 0; path = Pods_ParseChat.framework; sourceTree = BUILT_PRODUCTS_DIR; };
		8944823A730CDF5521362A29 /* Pods-ParseChat.release.xcconfig */ = {isa = PBXFileReference; includeInIndex = 1; lastKnownFileType = text.xcconfig; name = "Pods-ParseChat.release.xcconfig"; path = "Pods/Target Support Files/Pods-ParseChat/Pods-ParseChat.release.xcconfig"; sourceTree = "<group>"; };
		A8CF560F05D225057BBC93DE /* Pods_ParseChatTests.framework */ = {isa = PBXFileReference; explicitFileType = wrapper.framework; includeInIndex = 0; path = Pods_ParseChatTests.framework; sourceTree = BUILT_PRODUCTS_DIR; };
		C0284D695422BC9EF8AA295A /* Pods-ParseChatTests.release.xcconfig */ = {isa = PBXFileReference; includeInIndex = 1; lastKnownFileType = text.xcconfig; name = "Pods-ParseChatTests.release.xcconfig"; path = "Pods/Target Support Files/Pods-ParseChatTests/Pods-ParseChatTests.release.xcconfig"; sourceTree = "<group>"; };
		E31EAC283B02AED46496DCEF /* Pods-ParseChatUITests.release.xcconfig */ = {isa = PBXFileReference; includeInIndex = 1; lastKnownFileType = text.xcconfig; name = "Pods-ParseChatUITests.release.xcconfig"; path = "Pods/Target Support Files/Pods-ParseChatUITests/Pods-ParseChatUITests.release.xcconfig"; sourceTree = "<group>"; };
		FF0C3899E2FA432E8E4AC797 /* Pods-ParseChat.debug.xcconfig */ = {isa = PBXFileReference; includeInIndex = 1; lastKnownFileType = text.xcconfig; name = "Pods-ParseChat.debug.xcconfig"; path = "Pods/Target Support Files/Pods-ParseChat/Pods-ParseChat.debug.xcconfig"; sourceTree = "<group>"; };
/* End PBXFileReference section */

/* Begin PBXFrameworksBuildPhase section */
		1B443ABF204AF9B300966298 /* Frameworks */ = {
			isa = PBXFrameworksBuildPhase;
			buildActionMask = 2147483647;
			files = (
				36DE4B2F6D9696FC50326B68 /* Pods_ParseChat.framework in Frameworks */,
			);
			runOnlyForDeploymentPostprocessing = 0;
		};
		1B443AD3204AF9B300966298 /* Frameworks */ = {
			isa = PBXFrameworksBuildPhase;
			buildActionMask = 2147483647;
			files = (
				D1349E3D089CE5D10938E889 /* Pods_ParseChatTests.framework in Frameworks */,
			);
			runOnlyForDeploymentPostprocessing = 0;
		};
		1B443ADE204AF9B300966298 /* Frameworks */ = {
			isa = PBXFrameworksBuildPhase;
			buildActionMask = 2147483647;
			files = (
				6677B93331415EACC61F72EF /* Pods_ParseChatUITests.framework in Frameworks */,
			);
			runOnlyForDeploymentPostprocessing = 0;
		};
/* End PBXFrameworksBuildPhase section */

/* Begin PBXGroup section */
		089733428A7A67BB17E36B98 /* Pods */ = {
			isa = PBXGroup;
			children = (
				FF0C3899E2FA432E8E4AC797 /* Pods-ParseChat.debug.xcconfig */,
				8944823A730CDF5521362A29 /* Pods-ParseChat.release.xcconfig */,
				439BB5E05FD4632E322470E6 /* Pods-ParseChatTests.debug.xcconfig */,
				C0284D695422BC9EF8AA295A /* Pods-ParseChatTests.release.xcconfig */,
				767D4787E05C7AC8998AB966 /* Pods-ParseChatUITests.debug.xcconfig */,
				E31EAC283B02AED46496DCEF /* Pods-ParseChatUITests.release.xcconfig */,
			);
			name = Pods;
			sourceTree = "<group>";
		};
		1B443AB9204AF9B300966298 = {
			isa = PBXGroup;
			children = (
				1B443AC4204AF9B300966298 /* ParseChat */,
				1B443AD9204AF9B300966298 /* ParseChatTests */,
				1B443AE4204AF9B300966298 /* ParseChatUITests */,
				1B443AC3204AF9B300966298 /* Products */,
				089733428A7A67BB17E36B98 /* Pods */,
				6AD3696FE0B4CD8B6766F54F /* Frameworks */,
			);
			sourceTree = "<group>";
		};
		1B443AC3204AF9B300966298 /* Products */ = {
			isa = PBXGroup;
			children = (
				1B443AC2204AF9B300966298 /* ParseChat.app */,
				1B443AD6204AF9B300966298 /* ParseChatTests.xctest */,
				1B443AE1204AF9B300966298 /* ParseChatUITests.xctest */,
			);
			name = Products;
			sourceTree = "<group>";
		};
		1B443AC4204AF9B300966298 /* ParseChat */ = {
			isa = PBXGroup;
			children = (
				1B443AC5204AF9B300966298 /* AppDelegate.swift */,
				1B443AC9204AF9B300966298 /* Main.storyboard */,
				1B443ACC204AF9B300966298 /* Assets.xcassets */,
				1B443ACE204AF9B300966298 /* LaunchScreen.storyboard */,
				1B443AD1204AF9B300966298 /* Info.plist */,
				1B443AF3204B103700966298 /* LoginViewController.swift */,
				1B443AF5204B264B00966298 /* ChatViewController.swift */,
				1B443AF7204B305200966298 /* ChatTableViewCell.swift */,
				1B443AF9204B363A00966298 /* ChatMessage.swift */,
			);
			path = ParseChat;
			sourceTree = "<group>";
		};
		1B443AD9204AF9B300966298 /* ParseChatTests */ = {
			isa = PBXGroup;
			children = (
				1B443ADA204AF9B300966298 /* ParseChatTests.swift */,
				1B443ADC204AF9B300966298 /* Info.plist */,
			);
			path = ParseChatTests;
			sourceTree = "<group>";
		};
		1B443AE4204AF9B300966298 /* ParseChatUITests */ = {
			isa = PBXGroup;
			children = (
				1B443AE5204AF9B300966298 /* ParseChatUITests.swift */,
				1B443AE7204AF9B300966298 /* Info.plist */,
			);
			path = ParseChatUITests;
			sourceTree = "<group>";
		};
		6AD3696FE0B4CD8B6766F54F /* Frameworks */ = {
			isa = PBXGroup;
			children = (
				846F7DC1CE61E11A016F904F /* Pods_ParseChat.framework */,
				A8CF560F05D225057BBC93DE /* Pods_ParseChatTests.framework */,
				57E90130A85AD680434225C9 /* Pods_ParseChatUITests.framework */,
			);
			name = Frameworks;
			sourceTree = "<group>";
		};
/* End PBXGroup section */

/* Begin PBXNativeTarget section */
		1B443AC1204AF9B300966298 /* ParseChat */ = {
			isa = PBXNativeTarget;
			buildConfigurationList = 1B443AEA204AF9B300966298 /* Build configuration list for PBXNativeTarget "ParseChat" */;
			buildPhases = (
				7A784B2EE6E2AB93AF63BC99 /* [CP] Check Pods Manifest.lock */,
				1B443ABE204AF9B300966298 /* Sources */,
				1B443ABF204AF9B300966298 /* Frameworks */,
				1B443AC0204AF9B300966298 /* Resources */,
				0AEAAF0DB1E6B028F4833913 /* [CP] Embed Pods Frameworks */,
				07A4A24083393EC7C83785A3 /* [CP] Copy Pods Resources */,
			);
			buildRules = (
			);
			dependencies = (
			);
			name = ParseChat;
			productName = ParseChat;
			productReference = 1B443AC2204AF9B300966298 /* ParseChat.app */;
			productType = "com.apple.product-type.application";
		};
		1B443AD5204AF9B300966298 /* ParseChatTests */ = {
			isa = PBXNativeTarget;
			buildConfigurationList = 1B443AED204AF9B300966298 /* Build configuration list for PBXNativeTarget "ParseChatTests" */;
			buildPhases = (
				D5DC2C89EF2D470A339405FB /* [CP] Check Pods Manifest.lock */,
				1B443AD2204AF9B300966298 /* Sources */,
				1B443AD3204AF9B300966298 /* Frameworks */,
				1B443AD4204AF9B300966298 /* Resources */,
				02BAC95BA1497CFE90AB2133 /* [CP] Embed Pods Frameworks */,
				2E5A22BA5A525E05B1A59263 /* [CP] Copy Pods Resources */,
			);
			buildRules = (
			);
			dependencies = (
				1B443AD8204AF9B300966298 /* PBXTargetDependency */,
			);
			name = ParseChatTests;
			productName = ParseChatTests;
			productReference = 1B443AD6204AF9B300966298 /* ParseChatTests.xctest */;
			productType = "com.apple.product-type.bundle.unit-test";
		};
		1B443AE0204AF9B300966298 /* ParseChatUITests */ = {
			isa = PBXNativeTarget;
			buildConfigurationList = 1B443AF0204AF9B300966298 /* Build configuration list for PBXNativeTarget "ParseChatUITests" */;
			buildPhases = (
				474F4264D50406CDFF4BA4B1 /* [CP] Check Pods Manifest.lock */,
				1B443ADD204AF9B300966298 /* Sources */,
				1B443ADE204AF9B300966298 /* Frameworks */,
				1B443ADF204AF9B300966298 /* Resources */,
				3BC6773AF138E3D24E9A2366 /* [CP] Embed Pods Frameworks */,
				8644C5346402863895C48067 /* [CP] Copy Pods Resources */,
			);
			buildRules = (
			);
			dependencies = (
				1B443AE3204AF9B300966298 /* PBXTargetDependency */,
			);
			name = ParseChatUITests;
			productName = ParseChatUITests;
			productReference = 1B443AE1204AF9B300966298 /* ParseChatUITests.xctest */;
			productType = "com.apple.product-type.bundle.ui-testing";
		};
/* End PBXNativeTarget section */

/* Begin PBXProject section */
		1B443ABA204AF9B300966298 /* Project object */ = {
			isa = PBXProject;
			attributes = {
				LastSwiftUpdateCheck = 0800;
				LastUpgradeCheck = 0800;
				ORGANIZATIONNAME = "David King";
				TargetAttributes = {
					1B443AC1204AF9B300966298 = {
						CreatedOnToolsVersion = 8.0;
						ProvisioningStyle = Automatic;
					};
					1B443AD5204AF9B300966298 = {
						CreatedOnToolsVersion = 8.0;
						ProvisioningStyle = Automatic;
						TestTargetID = 1B443AC1204AF9B300966298;
					};
					1B443AE0204AF9B300966298 = {
						CreatedOnToolsVersion = 8.0;
						ProvisioningStyle = Automatic;
						TestTargetID = 1B443AC1204AF9B300966298;
					};
				};
			};
			buildConfigurationList = 1B443ABD204AF9B300966298 /* Build configuration list for PBXProject "ParseChat" */;
			compatibilityVersion = "Xcode 3.2";
			developmentRegion = English;
			hasScannedForEncodings = 0;
			knownRegions = (
				en,
				Base,
			);
			mainGroup = 1B443AB9204AF9B300966298;
			productRefGroup = 1B443AC3204AF9B300966298 /* Products */;
			projectDirPath = "";
			projectRoot = "";
			targets = (
				1B443AC1204AF9B300966298 /* ParseChat */,
				1B443AD5204AF9B300966298 /* ParseChatTests */,
				1B443AE0204AF9B300966298 /* ParseChatUITests */,
			);
		};
/* End PBXProject section */

/* Begin PBXResourcesBuildPhase section */
		1B443AC0204AF9B300966298 /* Resources */ = {
			isa = PBXResourcesBuildPhase;
			buildActionMask = 2147483647;
			files = (
				1B443AD0204AF9B300966298 /* LaunchScreen.storyboard in Resources */,
				1B443ACD204AF9B300966298 /* Assets.xcassets in Resources */,
				1B443ACB204AF9B300966298 /* Main.storyboard in Resources */,
			);
			runOnlyForDeploymentPostprocessing = 0;
		};
		1B443AD4204AF9B300966298 /* Resources */ = {
			isa = PBXResourcesBuildPhase;
			buildActionMask = 2147483647;
			files = (
			);
			runOnlyForDeploymentPostprocessing = 0;
		};
		1B443ADF204AF9B300966298 /* Resources */ = {
			isa = PBXResourcesBuildPhase;
			buildActionMask = 2147483647;
			files = (
			);
			runOnlyForDeploymentPostprocessing = 0;
		};
/* End PBXResourcesBuildPhase section */

/* Begin PBXShellScriptBuildPhase section */
		02BAC95BA1497CFE90AB2133 /* [CP] Embed Pods Frameworks */ = {
			isa = PBXShellScriptBuildPhase;
			buildActionMask = 2147483647;
			files = (
			);
			inputPaths = (
			);
			name = "[CP] Embed Pods Frameworks";
			outputPaths = (
			);
			runOnlyForDeploymentPostprocessing = 0;
			shellPath = /bin/sh;
			shellScript = "\"${SRCROOT}/Pods/Target Support Files/Pods-ParseChatTests/Pods-ParseChatTests-frameworks.sh\"\n";
			showEnvVarsInLog = 0;
		};
		07A4A24083393EC7C83785A3 /* [CP] Copy Pods Resources */ = {
			isa = PBXShellScriptBuildPhase;
			buildActionMask = 2147483647;
			files = (
			);
			inputPaths = (
			);
			name = "[CP] Copy Pods Resources";
			outputPaths = (
			);
			runOnlyForDeploymentPostprocessing = 0;
			shellPath = /bin/sh;
			shellScript = "\"${SRCROOT}/Pods/Target Support Files/Pods-ParseChat/Pods-ParseChat-resources.sh\"\n";
			showEnvVarsInLog = 0;
		};
		0AEAAF0DB1E6B028F4833913 /* [CP] Embed Pods Frameworks */ = {
			isa = PBXShellScriptBuildPhase;
			buildActionMask = 2147483647;
			files = (
			);
			inputPaths = (
				"${SRCROOT}/Pods/Target Support Files/Pods-ParseChat/Pods-ParseChat-frameworks.sh",
				"${BUILT_PRODUCTS_DIR}/Bolts/Bolts.framework",
				"${BUILT_PRODUCTS_DIR}/Parse/Parse.framework",
			);
			name = "[CP] Embed Pods Frameworks";
			outputPaths = (
				"${TARGET_BUILD_DIR}/${FRAMEWORKS_FOLDER_PATH}/Bolts.framework",
				"${TARGET_BUILD_DIR}/${FRAMEWORKS_FOLDER_PATH}/Parse.framework",
			);
			runOnlyForDeploymentPostprocessing = 0;
			shellPath = /bin/sh;
			shellScript = "\"${SRCROOT}/Pods/Target Support Files/Pods-ParseChat/Pods-ParseChat-frameworks.sh\"\n";
			showEnvVarsInLog = 0;
		};
		2E5A22BA5A525E05B1A59263 /* [CP] Copy Pods Resources */ = {
			isa = PBXShellScriptBuildPhase;
			buildActionMask = 2147483647;
			files = (
			);
			inputPaths = (
			);
			name = "[CP] Copy Pods Resources";
			outputPaths = (
			);
			runOnlyForDeploymentPostprocessing = 0;
			shellPath = /bin/sh;
			shellScript = "\"${SRCROOT}/Pods/Target Support Files/Pods-ParseChatTests/Pods-ParseChatTests-resources.sh\"\n";
			showEnvVarsInLog = 0;
		};
		3BC6773AF138E3D24E9A2366 /* [CP] Embed Pods Frameworks */ = {
			isa = PBXShellScriptBuildPhase;
			buildActionMask = 2147483647;
			files = (
			);
			inputPaths = (
			);
			name = "[CP] Embed Pods Frameworks";
			outputPaths = (
			);
			runOnlyForDeploymentPostprocessing = 0;
			shellPath = /bin/sh;
			shellScript = "\"${SRCROOT}/Pods/Target Support Files/Pods-ParseChatUITests/Pods-ParseChatUITests-frameworks.sh\"\n";
			showEnvVarsInLog = 0;
		};
		474F4264D50406CDFF4BA4B1 /* [CP] Check Pods Manifest.lock */ = {
			isa = PBXShellScriptBuildPhase;
			buildActionMask = 2147483647;
			files = (
			);
			inputPaths = (
				"${PODS_PODFILE_DIR_PATH}/Podfile.lock",
				"${PODS_ROOT}/Manifest.lock",
			);
			name = "[CP] Check Pods Manifest.lock";
			outputPaths = (
				"$(DERIVED_FILE_DIR)/Pods-ParseChatUITests-checkManifestLockResult.txt",
			);
			runOnlyForDeploymentPostprocessing = 0;
			shellPath = /bin/sh;
			shellScript = "diff \"${PODS_PODFILE_DIR_PATH}/Podfile.lock\" \"${PODS_ROOT}/Manifest.lock\" > /dev/null\nif [ $? != 0 ] ; then\n    # print error to STDERR\n    echo \"error: The sandbox is not in sync with the Podfile.lock. Run 'pod install' or update your CocoaPods installation.\" >&2\n    exit 1\nfi\n# This output is used by Xcode 'outputs' to avoid re-running this script phase.\necho \"SUCCESS\" > \"${SCRIPT_OUTPUT_FILE_0}\"\n";
			showEnvVarsInLog = 0;
		};
		7A784B2EE6E2AB93AF63BC99 /* [CP] Check Pods Manifest.lock */ = {
			isa = PBXShellScriptBuildPhase;
			buildActionMask = 2147483647;
			files = (
			);
			inputPaths = (
				"${PODS_PODFILE_DIR_PATH}/Podfile.lock",
				"${PODS_ROOT}/Manifest.lock",
			);
			name = "[CP] Check Pods Manifest.lock";
			outputPaths = (
				"$(DERIVED_FILE_DIR)/Pods-ParseChat-checkManifestLockResult.txt",
			);
			runOnlyForDeploymentPostprocessing = 0;
			shellPath = /bin/sh;
			shellScript = "diff \"${PODS_PODFILE_DIR_PATH}/Podfile.lock\" \"${PODS_ROOT}/Manifest.lock\" > /dev/null\nif [ $? != 0 ] ; then\n    # print error to STDERR\n    echo \"error: The sandbox is not in sync with the Podfile.lock. Run 'pod install' or update your CocoaPods installation.\" >&2\n    exit 1\nfi\n# This output is used by Xcode 'outputs' to avoid re-running this script phase.\necho \"SUCCESS\" > \"${SCRIPT_OUTPUT_FILE_0}\"\n";
			showEnvVarsInLog = 0;
		};
		8644C5346402863895C48067 /* [CP] Copy Pods Resources */ = {
			isa = PBXShellScriptBuildPhase;
			buildActionMask = 2147483647;
			files = (
			);
			inputPaths = (
			);
			name = "[CP] Copy Pods Resources";
			outputPaths = (
			);
			runOnlyForDeploymentPostprocessing = 0;
			shellPath = /bin/sh;
			shellScript = "\"${SRCROOT}/Pods/Target Support Files/Pods-ParseChatUITests/Pods-ParseChatUITests-resources.sh\"\n";
			showEnvVarsInLog = 0;
		};
		D5DC2C89EF2D470A339405FB /* [CP] Check Pods Manifest.lock */ = {
			isa = PBXShellScriptBuildPhase;
			buildActionMask = 2147483647;
			files = (
			);
			inputPaths = (
				"${PODS_PODFILE_DIR_PATH}/Podfile.lock",
				"${PODS_ROOT}/Manifest.lock",
			);
			name = "[CP] Check Pods Manifest.lock";
			outputPaths = (
				"$(DERIVED_FILE_DIR)/Pods-ParseChatTests-checkManifestLockResult.txt",
			);
			runOnlyForDeploymentPostprocessing = 0;
			shellPath = /bin/sh;
			shellScript = "diff \"${PODS_PODFILE_DIR_PATH}/Podfile.lock\" \"${PODS_ROOT}/Manifest.lock\" > /dev/null\nif [ $? != 0 ] ; then\n    # print error to STDERR\n    echo \"error: The sandbox is not in sync with the Podfile.lock. Run 'pod install' or update your CocoaPods installation.\" >&2\n    exit 1\nfi\n# This output is used by Xcode 'outputs' to avoid re-running this script phase.\necho \"SUCCESS\" > \"${SCRIPT_OUTPUT_FILE_0}\"\n";
			showEnvVarsInLog = 0;
		};
/* End PBXShellScriptBuildPhase section */

/* Begin PBXSourcesBuildPhase section */
		1B443ABE204AF9B300966298 /* Sources */ = {
			isa = PBXSourcesBuildPhase;
			buildActionMask = 2147483647;
			files = (
				1B443AF4204B103700966298 /* LoginViewController.swift in Sources */,
				1B443AF8204B305200966298 /* ChatTableViewCell.swift in Sources */,
				1B443AF6204B264B00966298 /* ChatViewController.swift in Sources */,
				1B443AFA204B363A00966298 /* ChatMessage.swift in Sources */,
				1B443AC6204AF9B300966298 /* AppDelegate.swift in Sources */,
			);
			runOnlyForDeploymentPostprocessing = 0;
		};
		1B443AD2204AF9B300966298 /* Sources */ = {
			isa = PBXSourcesBuildPhase;
			buildActionMask = 2147483647;
			files = (
				1B443ADB204AF9B300966298 /* ParseChatTests.swift in Sources */,
			);
			runOnlyForDeploymentPostprocessing = 0;
		};
		1B443ADD204AF9B300966298 /* Sources */ = {
			isa = PBXSourcesBuildPhase;
			buildActionMask = 2147483647;
			files = (
				1B443AE6204AF9B300966298 /* ParseChatUITests.swift in Sources */,
			);
			runOnlyForDeploymentPostprocessing = 0;
		};
/* End PBXSourcesBuildPhase section */

/* Begin PBXTargetDependency section */
		1B443AD8204AF9B300966298 /* PBXTargetDependency */ = {
			isa = PBXTargetDependency;
			target = 1B443AC1204AF9B300966298 /* ParseChat */;
			targetProxy = 1B443AD7204AF9B300966298 /* PBXContainerItemProxy */;
		};
		1B443AE3204AF9B300966298 /* PBXTargetDependency */ = {
			isa = PBXTargetDependency;
			target = 1B443AC1204AF9B300966298 /* ParseChat */;
			targetProxy = 1B443AE2204AF9B300966298 /* PBXContainerItemProxy */;
		};
/* End PBXTargetDependency section */

/* Begin PBXVariantGroup section */
		1B443AC9204AF9B300966298 /* Main.storyboard */ = {
			isa = PBXVariantGroup;
			children = (
				1B443ACA204AF9B300966298 /* Base */,
			);
			name = Main.storyboard;
			sourceTree = "<group>";
		};
		1B443ACE204AF9B300966298 /* LaunchScreen.storyboard */ = {
			isa = PBXVariantGroup;
			children = (
				1B443ACF204AF9B300966298 /* Base */,
			);
			name = LaunchScreen.storyboard;
			sourceTree = "<group>";
		};
/* End PBXVariantGroup section */

/* Begin XCBuildConfiguration section */
		1B443AE8204AF9B300966298 /* Debug */ = {
			isa = XCBuildConfiguration;
			buildSettings = {
				ALWAYS_SEARCH_USER_PATHS = NO;
				CLANG_ANALYZER_NONNULL = YES;
				CLANG_CXX_LANGUAGE_STANDARD = "gnu++0x";
				CLANG_CXX_LIBRARY = "libc++";
				CLANG_ENABLE_MODULES = YES;
				CLANG_ENABLE_OBJC_ARC = YES;
				CLANG_WARN_BOOL_CONVERSION = YES;
				CLANG_WARN_CONSTANT_CONVERSION = YES;
				CLANG_WARN_DIRECT_OBJC_ISA_USAGE = YES_ERROR;
				CLANG_WARN_DOCUMENTATION_COMMENTS = YES;
				CLANG_WARN_EMPTY_BODY = YES;
				CLANG_WARN_ENUM_CONVERSION = YES;
				CLANG_WARN_INFINITE_RECURSION = YES;
				CLANG_WARN_INT_CONVERSION = YES;
				CLANG_WARN_OBJC_ROOT_CLASS = YES_ERROR;
				CLANG_WARN_SUSPICIOUS_MOVES = YES;
				CLANG_WARN_UNREACHABLE_CODE = YES;
				CLANG_WARN__DUPLICATE_METHOD_MATCH = YES;
				"CODE_SIGN_IDENTITY[sdk=iphoneos*]" = "iPhone Developer";
				COPY_PHASE_STRIP = NO;
				DEBUG_INFORMATION_FORMAT = dwarf;
				ENABLE_STRICT_OBJC_MSGSEND = YES;
				ENABLE_TESTABILITY = YES;
				GCC_C_LANGUAGE_STANDARD = gnu99;
				GCC_DYNAMIC_NO_PIC = NO;
				GCC_NO_COMMON_BLOCKS = YES;
				GCC_OPTIMIZATION_LEVEL = 0;
				GCC_PREPROCESSOR_DEFINITIONS = (
					"DEBUG=1",
					"$(inherited)",
				);
				GCC_WARN_64_TO_32_BIT_CONVERSION = YES;
				GCC_WARN_ABOUT_RETURN_TYPE = YES_ERROR;
				GCC_WARN_UNDECLARED_SELECTOR = YES;
				GCC_WARN_UNINITIALIZED_AUTOS = YES_AGGRESSIVE;
				GCC_WARN_UNUSED_FUNCTION = YES;
				GCC_WARN_UNUSED_VARIABLE = YES;
				IPHONEOS_DEPLOYMENT_TARGET = 10.0;
				MTL_ENABLE_DEBUG_INFO = YES;
				ONLY_ACTIVE_ARCH = YES;
				SDKROOT = iphoneos;
				SWIFT_ACTIVE_COMPILATION_CONDITIONS = DEBUG;
				SWIFT_OPTIMIZATION_LEVEL = "-Onone";
			};
			name = Debug;
		};
		1B443AE9204AF9B300966298 /* Release */ = {
			isa = XCBuildConfiguration;
			buildSettings = {
				ALWAYS_SEARCH_USER_PATHS = NO;
				CLANG_ANALYZER_NONNULL = YES;
				CLANG_CXX_LANGUAGE_STANDARD = "gnu++0x";
				CLANG_CXX_LIBRARY = "libc++";
				CLANG_ENABLE_MODULES = YES;
				CLANG_ENABLE_OBJC_ARC = YES;
				CLANG_WARN_BOOL_CONVERSION = YES;
				CLANG_WARN_CONSTANT_CONVERSION = YES;
				CLANG_WARN_DIRECT_OBJC_ISA_USAGE = YES_ERROR;
				CLANG_WARN_DOCUMENTATION_COMMENTS = YES;
				CLANG_WARN_EMPTY_BODY = YES;
				CLANG_WARN_ENUM_CONVERSION = YES;
				CLANG_WARN_INFINITE_RECURSION = YES;
				CLANG_WARN_INT_CONVERSION = YES;
				CLANG_WARN_OBJC_ROOT_CLASS = YES_ERROR;
				CLANG_WARN_SUSPICIOUS_MOVES = YES;
				CLANG_WARN_UNREACHABLE_CODE = YES;
				CLANG_WARN__DUPLICATE_METHOD_MATCH = YES;
				"CODE_SIGN_IDENTITY[sdk=iphoneos*]" = "iPhone Developer";
				COPY_PHASE_STRIP = NO;
				DEBUG_INFORMATION_FORMAT = "dwarf-with-dsym";
				ENABLE_NS_ASSERTIONS = NO;
				ENABLE_STRICT_OBJC_MSGSEND = YES;
				GCC_C_LANGUAGE_STANDARD = gnu99;
				GCC_NO_COMMON_BLOCKS = YES;
				GCC_WARN_64_TO_32_BIT_CONVERSION = YES;
				GCC_WARN_ABOUT_RETURN_TYPE = YES_ERROR;
				GCC_WARN_UNDECLARED_SELECTOR = YES;
				GCC_WARN_UNINITIALIZED_AUTOS = YES_AGGRESSIVE;
				GCC_WARN_UNUSED_FUNCTION = YES;
				GCC_WARN_UNUSED_VARIABLE = YES;
				IPHONEOS_DEPLOYMENT_TARGET = 10.0;
				MTL_ENABLE_DEBUG_INFO = NO;
				SDKROOT = iphoneos;
				SWIFT_OPTIMIZATION_LEVEL = "-Owholemodule";
				VALIDATE_PRODUCT = YES;
			};
			name = Release;
		};
		1B443AEB204AF9B300966298 /* Debug */ = {
			isa = XCBuildConfiguration;
			baseConfigurationReference = FF0C3899E2FA432E8E4AC797 /* Pods-ParseChat.debug.xcconfig */;
			buildSettings = {
				ASSETCATALOG_COMPILER_APPICON_NAME = AppIcon;
				INFOPLIST_FILE = ParseChat/Info.plist;
				LD_RUNPATH_SEARCH_PATHS = "$(inherited) @executable_path/Frameworks";
				PRODUCT_BUNDLE_IDENTIFIER = GaadKang.ParseChat;
				PRODUCT_NAME = "$(TARGET_NAME)";
				SWIFT_VERSION = 3.0;
			};
			name = Debug;
		};
		1B443AEC204AF9B300966298 /* Release */ = {
			isa = XCBuildConfiguration;
			baseConfigurationReference = 8944823A730CDF5521362A29 /* Pods-ParseChat.release.xcconfig */;
			buildSettings = {
				ASSETCATALOG_COMPILER_APPICON_NAME = AppIcon;
				INFOPLIST_FILE = ParseChat/Info.plist;
				LD_RUNPATH_SEARCH_PATHS = "$(inherited) @executable_path/Frameworks";
				PRODUCT_BUNDLE_IDENTIFIER = GaadKang.ParseChat;
				PRODUCT_NAME = "$(TARGET_NAME)";
				SWIFT_VERSION = 3.0;
			};
			name = Release;
		};
		1B443AEE204AF9B300966298 /* Debug */ = {
			isa = XCBuildConfiguration;
			baseConfigurationReference = 439BB5E05FD4632E322470E6 /* Pods-ParseChatTests.debug.xcconfig */;
			buildSettings = {
				ALWAYS_EMBED_SWIFT_STANDARD_LIBRARIES = YES;
				BUNDLE_LOADER = "$(TEST_HOST)";
				INFOPLIST_FILE = ParseChatTests/Info.plist;
				LD_RUNPATH_SEARCH_PATHS = "$(inherited) @executable_path/Frameworks @loader_path/Frameworks";
				PRODUCT_BUNDLE_IDENTIFIER = GaadKang.ParseChatTests;
				PRODUCT_NAME = "$(TARGET_NAME)";
				SWIFT_VERSION = 3.0;
				TEST_HOST = "$(BUILT_PRODUCTS_DIR)/ParseChat.app/ParseChat";
			};
			name = Debug;
		};
		1B443AEF204AF9B300966298 /* Release */ = {
			isa = XCBuildConfiguration;
			baseConfigurationReference = C0284D695422BC9EF8AA295A /* Pods-ParseChatTests.release.xcconfig */;
			buildSettings = {
				ALWAYS_EMBED_SWIFT_STANDARD_LIBRARIES = YES;
				BUNDLE_LOADER = "$(TEST_HOST)";
				INFOPLIST_FILE = ParseChatTests/Info.plist;
				LD_RUNPATH_SEARCH_PATHS = "$(inherited) @executable_path/Frameworks @loader_path/Frameworks";
				PRODUCT_BUNDLE_IDENTIFIER = GaadKang.ParseChatTests;
				PRODUCT_NAME = "$(TARGET_NAME)";
				SWIFT_VERSION = 3.0;
				TEST_HOST = "$(BUILT_PRODUCTS_DIR)/ParseChat.app/ParseChat";
			};
			name = Release;
		};
		1B443AF1204AF9B300966298 /* Debug */ = {
			isa = XCBuildConfiguration;
			baseConfigurationReference = 767D4787E05C7AC8998AB966 /* Pods-ParseChatUITests.debug.xcconfig */;
			buildSettings = {
				ALWAYS_EMBED_SWIFT_STANDARD_LIBRARIES = YES;
				INFOPLIST_FILE = ParseChatUITests/Info.plist;
				LD_RUNPATH_SEARCH_PATHS = "$(inherited) @executable_path/Frameworks @loader_path/Frameworks";
				PRODUCT_BUNDLE_IDENTIFIER = GaadKang.ParseChatUITests;
				PRODUCT_NAME = "$(TARGET_NAME)";
				SWIFT_VERSION = 3.0;
				TEST_TARGET_NAME = ParseChat;
			};
			name = Debug;
		};
		1B443AF2204AF9B300966298 /* Release */ = {
			isa = XCBuildConfiguration;
			baseConfigurationReference = E31EAC283B02AED46496DCEF /* Pods-ParseChatUITests.release.xcconfig */;
			buildSettings = {
				ALWAYS_EMBED_SWIFT_STANDARD_LIBRARIES = YES;
				INFOPLIST_FILE = ParseChatUITests/Info.plist;
				LD_RUNPATH_SEARCH_PATHS = "$(inherited) @executable_path/Frameworks @loader_path/Frameworks";
				PRODUCT_BUNDLE_IDENTIFIER = GaadKang.ParseChatUITests;
				PRODUCT_NAME = "$(TARGET_NAME)";
				SWIFT_VERSION = 3.0;
				TEST_TARGET_NAME = ParseChat;
			};
			name = Release;
		};
/* End XCBuildConfiguration section */

/* Begin XCConfigurationList section */
		1B443ABD204AF9B300966298 /* Build configuration list for PBXProject "ParseChat" */ = {
			isa = XCConfigurationList;
			buildConfigurations = (
				1B443AE8204AF9B300966298 /* Debug */,
				1B443AE9204AF9B300966298 /* Release */,
			);
			defaultConfigurationIsVisible = 0;
			defaultConfigurationName = Release;
		};
		1B443AEA204AF9B300966298 /* Build configuration list for PBXNativeTarget "ParseChat" */ = {
			isa = XCConfigurationList;
			buildConfigurations = (
				1B443AEB204AF9B300966298 /* Debug */,
				1B443AEC204AF9B300966298 /* Release */,
			);
			defaultConfigurationIsVisible = 0;
			defaultConfigurationName = Release;
		};
		1B443AED204AF9B300966298 /* Build configuration list for PBXNativeTarget "ParseChatTests" */ = {
			isa = XCConfigurationList;
			buildConfigurations = (
				1B443AEE204AF9B300966298 /* Debug */,
				1B443AEF204AF9B300966298 /* Release */,
			);
			defaultConfigurationIsVisible = 0;
			defaultConfigurationName = Release;
		};
		1B443AF0204AF9B300966298 /* Build configuration list for PBXNativeTarget "ParseChatUITests" */ = {
			isa = XCConfigurationList;
			buildConfigurations = (
				1B443AF1204AF9B300966298 /* Debug */,
				1B443AF2204AF9B300966298 /* Release */,
			);
			defaultConfigurationIsVisible = 0;
			defaultConfigurationName = Release;
		};
/* End XCConfigurationList section */
	};
	rootObject = 1B443ABA204AF9B300966298 /* Project object */;
}
